
Microsoft Visual Studio Solution File, Format Version 12.00
# Visual Studio 2013
VisualStudioVersion = 12.0.31101.0
MinimumVisualStudioVersion = 10.0.40219.1
Project("{FAE04EC0-301F-11D3-BF4B-00C04F79EFBC}") = "Solution.Mariana", "Solution.Mariana\Solution.Mariana.csproj", "{5599FDEB-FC82-4122-B478-02796047280D}"
EndProject
Project("{FAE04EC0-301F-11D3-BF4B-00C04F79EFBC}") = "Задача 2", "Задача 2\Задача 2.csproj", "{54A91FED-1761-40F1-90B4-2903081252FA}"
EndProject
Project("{FAE04EC0-301F-11D3-BF4B-00C04F79EFBC}") = "Задача2б", "Задача2б\Задача2б.csproj", "{3B778B30-F466-4D23-89C5-B19054503A20}"
EndProject
Project("{FAE04EC0-301F-11D3-BF4B-00C04F79EFBC}") = "Задача3", "Задача3\Задача3.csproj", "{21F23C75-4D73-4D1A-98D2-F96A9A471271}"
EndProject
Project("{FAE04EC0-301F-11D3-BF4B-00C04F79EFBC}") = "Деление по модул", "Деление по модул\Деление по модул.csproj", "{597B68D3-9DCB-4897-8078-F9CC7A703C9F}"
EndProject
Project("{FAE04EC0-301F-11D3-BF4B-00C04F79EFBC}") = "Конкантениране на низове", "Конкантениране на низове\Конкантениране на низове.csproj", "{26BC190A-E269-4FDE-BBBD-ECB1F254FD03}"
EndProject
Project("{FAE04EC0-301F-11D3-BF4B-00C04F79EFBC}") = "Задача6", "Задача6\Задача6.csproj", "{FAAA8883-2128-44F4-AFEC-658AE02DFABF}"
EndProject
Project("{FAE04EC0-301F-11D3-BF4B-00C04F79EFBC}") = "Задача7", "Задача7\Задача7.csproj", "{A8E4DE5E-BBEC-4F17-AB00-5AAD87381AA1}"
EndProject
Project("{FAE04EC0-301F-11D3-BF4B-00C04F79EFBC}") = "Задача8", "Задача8\Задача8.csproj", "{38B2CED2-4D81-4C22-971A-0CEB6EF1602C}"
EndProject
Global
	GlobalSection(SolutionConfigurationPlatforms) = preSolution
		Debug|Any CPU = Debug|Any CPU
		Release|Any CPU = Release|Any CPU
	EndGlobalSection
	GlobalSection(ProjectConfigurationPlatforms) = postSolution
		{5599FDEB-FC82-4122-B478-02796047280D}.Debug|Any CPU.ActiveCfg = Debug|Any CPU
		{5599FDEB-FC82-4122-B478-02796047280D}.Debug|Any CPU.Build.0 = Debug|Any CPU
		{5599FDEB-FC82-4122-B478-02796047280D}.Release|Any CPU.ActiveCfg = Release|Any CPU
		{5599FDEB-FC82-4122-B478-02796047280D}.Release|Any CPU.Build.0 = Release|Any CPU
		{54A91FED-1761-40F1-90B4-2903081252FA}.Debug|Any CPU.ActiveCfg = Debug|Any CPU
		{54A91FED-1761-40F1-90B4-2903081252FA}.Debug|Any CPU.Build.0 = Debug|Any CPU
		{54A91FED-1761-40F1-90B4-2903081252FA}.Release|Any CPU.ActiveCfg = Release|Any CPU
		{54A91FED-1761-40F1-90B4-2903081252FA}.Release|Any CPU.Build.0 = Release|Any CPU
		{3B778B30-F466-4D23-89C5-B19054503A20}.Debug|Any CPU.ActiveCfg = Debug|Any CPU
		{3B778B30-F466-4D23-89C5-B19054503A20}.Debug|Any CPU.Build.0 = Debug|Any CPU
		{3B778B30-F466-4D23-89C5-B19054503A20}.Release|Any CPU.ActiveCfg = Release|Any CPU
		{3B778B30-F466-4D23-89C5-B19054503A20}.Release|Any CPU.Build.0 = Release|Any CPU
		{21F23C75-4D73-4D1A-98D2-F96A9A471271}.Debug|Any CPU.ActiveCfg = Debug|Any CPU
		{21F23C75-4D73-4D1A-98D2-F96A9A471271}.Debug|Any CPU.Build.0 = Debug|Any CPU
		{21F23C75-4D73-4D1A-98D2-F96A9A471271}.Release|Any CPU.ActiveCfg = Release|Any CPU
		{21F23C75-4D73-4D1A-98D2-F96A9A471271}.Release|Any CPU.Build.0 = Release|Any CPU
		{597B68D3-9DCB-4897-8078-F9CC7A703C9F}.Debug|Any CPU.ActiveCfg = Debug|Any CPU
		{597B68D3-9DCB-4897-8078-F9CC7A703C9F}.Debug|Any CPU.Build.0 = Debug|Any CPU
		{597B68D3-9DCB-4897-8078-F9CC7A703C9F}.Release|Any CPU.ActiveCfg = Release|Any CPU
		{597B68D3-9DCB-4897-8078-F9CC7A703C9F}.Release|Any CPU.Build.0 = Release|Any CPU
		{26BC190A-E269-4FDE-BBBD-ECB1F254FD03}.Debug|Any CPU.ActiveCfg = Debug|Any CPU
		{26BC190A-E269-4FDE-BBBD-ECB1F254FD03}.Debug|Any CPU.Build.0 = Debug|Any CPU
		{26BC190A-E269-4FDE-BBBD-ECB1F254FD03}.Release|Any CPU.ActiveCfg = Release|Any CPU
		{26BC190A-E269-4FDE-BBBD-ECB1F254FD03}.Release|Any CPU.Build.0 = Release|Any CPU
		{FAAA8883-2128-44F4-AFEC-658AE02DFABF}.Debug|Any CPU.ActiveCfg = Debug|Any CPU
		{FAAA8883-2128-44F4-AFEC-658AE02DFABF}.Debug|Any CPU.Build.0 = Debug|Any CPU
		{FAAA8883-2128-44F4-AFEC-658AE02DFABF}.Release|Any CPU.ActiveCfg = Release|Any CPU
		{FAAA8883-2128-44F4-AFEC-658AE02DFABF}.Release|Any CPU.Build.0 = Release|Any CPU
		{A8E4DE5E-BBEC-4F17-AB00-5AAD87381AA1}.Debug|Any CPU.ActiveCfg = Debug|Any CPU
		{A8E4DE5E-BBEC-4F17-AB00-5AAD87381AA1}.Debug|Any CPU.Build.0 = Debug|Any CPU
		{A8E4DE5E-BBEC-4F17-AB00-5AAD87381AA1}.Release|Any CPU.ActiveCfg = Release|Any CPU
		{A8E4DE5E-BBEC-4F17-AB00-5AAD87381AA1}.Release|Any CPU.Build.0 = Release|Any CPU
		{38B2CED2-4D81-4C22-971A-0CEB6EF1602C}.Debug|Any CPU.ActiveCfg = Debug|Any CPU
		{38B2CED2-4D81-4C22-971A-0CEB6EF1602C}.Debug|Any CPU.Build.0 = Debug|Any CPU
		{38B2CED2-4D81-4C22-971A-0CEB6EF1602C}.Release|Any CPU.ActiveCfg = Release|Any CPU
		{38B2CED2-4D81-4C22-971A-0CEB6EF1602C}.Release|Any CPU.Build.0 = Release|Any CPU
	EndGlobalSection
	GlobalSection(SolutionProperties) = preSolution
		HideSolutionNode = FALSE
	EndGlobalSection
EndGlobal
